{"filter":false,"title":"Gemfile.lock","tooltip":"/saasapp/Gemfile.lock","undoManager":{"mark":0,"position":0,"stack":[[{"start":{"row":171,"column":12},"end":{"row":171,"column":13},"action":"remove","lines":[" "],"id":1},{"start":{"row":171,"column":11},"end":{"row":171,"column":12},"action":"remove","lines":["="]}]]},"ace":{"folds":[],"scrolltop":2765.5,"scrollleft":0,"selection":{"start":{"row":169,"column":8},"end":{"row":169,"column":8},"isBackwards":false},"options":{"guessTabSize":true,"useWrapMode":false,"wrapToView":true},"firstLineState":{"row":171,"state":"start","mode":"ace/mode/text"}},"timestamp":1657164700980,"hash":"11ef0d840746cf6154dcd8a4de8165e61d96197f"}